
Microsoft Visual Studio Solution File, Format Version 12.00
# Visual Studio Version 17
VisualStudioVersion = 17.0.32014.148
MinimumVisualStudioVersion = 10.0.40219.1
Project("{2150E333-8FDC-42A3-9474-1A3956D46DE8}") = "Solution Items", "Solution Items", "{67F4885B-CF1F-4640-943F-363213B100A9}"
EndProject
Project("{2150E333-8FDC-42A3-9474-1A3956D46DE8}") = "examples", "examples", "{A1B2C3D4-E5F6-7890-ABCD-EF1234567890}"
EndProject
Project("{9A19103F-16F7-4668-BE54-9A1E7A4F7556}") = "Modbus", "Modbus\Modbus.csproj", "{9B07ED72-3AD9-45EC-AAE9-295849B309AA}"
EndProject
Project("{9A19103F-16F7-4668-BE54-9A1E7A4F7556}") = "Example.ReadCoils", "examples\Example.ReadCoils\Example.ReadCoils.csproj", "{00BF0446-C3F9-455C-9558-418F28495875}"
EndProject
Project("{9A19103F-16F7-4668-BE54-9A1E7A4F7556}") = "Example.ReadDiscreteInputs", "examples\Example.ReadDiscreteInputs\Example.ReadDiscreteInputs.csproj", "{2540D17F-DA87-471E-A8DB-FED97F1DC6D0}"
EndProject
Project("{9A19103F-16F7-4668-BE54-9A1E7A4F7556}") = "Example.ReadHoldingRegisters", "examples\Example.ReadHoldingRegisters\Example.ReadHoldingRegisters.csproj", "{86AF12BE-76FF-4685-9978-D7453ABA89BF}"
EndProject
Project("{9A19103F-16F7-4668-BE54-9A1E7A4F7556}") = "Example.ReadInputRegisters", "examples\Example.ReadInputRegisters\Example.ReadInputRegisters.csproj", "{A57AB43D-BA61-405B-9841-FAA96A2B2466}"
EndProject
Project("{9A19103F-16F7-4668-BE54-9A1E7A4F7556}") = "Example.WriteSingleCoil", "examples\Example.WriteSingleCoil\Example.WriteSingleCoil.csproj", "{1B0D9BA6-9CAC-401D-96BB-065CF4456F62}"
EndProject
Project("{9A19103F-16F7-4668-BE54-9A1E7A4F7556}") = "Example.WriteSingleRegister", "examples\Example.WriteSingleRegister\Example.WriteSingleRegister.csproj", "{01DDBF8C-E948-4CA1-99B2-03E2D5AD4AE5}"
EndProject
Project("{9A19103F-16F7-4668-BE54-9A1E7A4F7556}") = "Example.WriteMultipleCoils", "examples\Example.WriteMultipleCoils\Example.WriteMultipleCoils.csproj", "{9FD97660-413D-4711-8551-17C5420E7A52}"
EndProject
Project("{9A19103F-16F7-4668-BE54-9A1E7A4F7556}") = "Example.WriteMultipleRegisters", "examples\Example.WriteMultipleRegisters\Example.WriteMultipleRegisters.csproj", "{DBD61AC5-1BB3-46B7-BADF-20B6E01E0255}"
EndProject
Project("{9A19103F-16F7-4668-BE54-9A1E7A4F7556}") = "Example.ReadWriteMultipleRegisters", "examples\Example.ReadWriteMultipleRegisters\Example.ReadWriteMultipleRegisters.csproj", "{3917AF31-434A-479F-B06F-DADB3CCF48F8}"
EndProject
Project("{9A19103F-16F7-4668-BE54-9A1E7A4F7556}") = "Example.SlaveExceptions", "examples\Example.SlaveExceptions\Example.SlaveExceptions.csproj", "{D813FD67-ABBF-4641-ACD6-D5F82837B9DC}"
EndProject
Global
	GlobalSection(SolutionConfigurationPlatforms) = preSolution
		Debug|Any CPU = Debug|Any CPU
		Debug|ARM = Debug|ARM
		Debug|x64 = Debug|x64
		Debug|x86 = Debug|x86
		Release|Any CPU = Release|Any CPU
		Release|ARM = Release|ARM
		Release|x64 = Release|x64
		Release|x86 = Release|x86
	EndGlobalSection
	GlobalSection(ProjectConfigurationPlatforms) = postSolution
		{9B07ED72-3AD9-45EC-AAE9-295849B309AA}.Debug|Any CPU.ActiveCfg = Debug|Any CPU
		{9B07ED72-3AD9-45EC-AAE9-295849B309AA}.Debug|Any CPU.Build.0 = Debug|Any CPU
		{9B07ED72-3AD9-45EC-AAE9-295849B309AA}.Debug|ARM.ActiveCfg = Debug|Any CPU
		{9B07ED72-3AD9-45EC-AAE9-295849B309AA}.Debug|ARM.Build.0 = Debug|Any CPU
		{9B07ED72-3AD9-45EC-AAE9-295849B309AA}.Debug|x64.ActiveCfg = Debug|Any CPU
		{9B07ED72-3AD9-45EC-AAE9-295849B309AA}.Debug|x64.Build.0 = Debug|Any CPU
		{9B07ED72-3AD9-45EC-AAE9-295849B309AA}.Debug|x86.ActiveCfg = Debug|Any CPU
		{9B07ED72-3AD9-45EC-AAE9-295849B309AA}.Debug|x86.Build.0 = Debug|Any CPU
		{9B07ED72-3AD9-45EC-AAE9-295849B309AA}.Release|Any CPU.ActiveCfg = Release|Any CPU
		{9B07ED72-3AD9-45EC-AAE9-295849B309AA}.Release|Any CPU.Build.0 = Release|Any CPU
		{9B07ED72-3AD9-45EC-AAE9-295849B309AA}.Release|ARM.ActiveCfg = Release|Any CPU
		{9B07ED72-3AD9-45EC-AAE9-295849B309AA}.Release|ARM.Build.0 = Release|Any CPU
		{9B07ED72-3AD9-45EC-AAE9-295849B309AA}.Release|x64.ActiveCfg = Release|Any CPU
		{9B07ED72-3AD9-45EC-AAE9-295849B309AA}.Release|x64.Build.0 = Release|Any CPU
		{9B07ED72-3AD9-45EC-AAE9-295849B309AA}.Release|x86.ActiveCfg = Release|Any CPU
		{9B07ED72-3AD9-45EC-AAE9-295849B309AA}.Release|x86.Build.0 = Release|Any CPU
		{00BF0446-C3F9-455C-9558-418F28495875}.Debug|Any CPU.ActiveCfg = Debug|Any CPU
		{00BF0446-C3F9-455C-9558-418F28495875}.Debug|Any CPU.Build.0 = Debug|Any CPU
		{00BF0446-C3F9-455C-9558-418F28495875}.Debug|ARM.ActiveCfg = Debug|Any CPU
		{00BF0446-C3F9-455C-9558-418F28495875}.Debug|ARM.Build.0 = Debug|Any CPU
		{00BF0446-C3F9-455C-9558-418F28495875}.Debug|x64.ActiveCfg = Debug|Any CPU
		{00BF0446-C3F9-455C-9558-418F28495875}.Debug|x64.Build.0 = Debug|Any CPU
		{00BF0446-C3F9-455C-9558-418F28495875}.Debug|x86.ActiveCfg = Debug|Any CPU
		{00BF0446-C3F9-455C-9558-418F28495875}.Debug|x86.Build.0 = Debug|Any CPU
		{00BF0446-C3F9-455C-9558-418F28495875}.Release|Any CPU.ActiveCfg = Release|Any CPU
		{00BF0446-C3F9-455C-9558-418F28495875}.Release|Any CPU.Build.0 = Release|Any CPU
		{00BF0446-C3F9-455C-9558-418F28495875}.Release|ARM.ActiveCfg = Release|Any CPU
		{00BF0446-C3F9-455C-9558-418F28495875}.Release|ARM.Build.0 = Release|Any CPU
		{00BF0446-C3F9-455C-9558-418F28495875}.Release|x64.ActiveCfg = Release|Any CPU
		{00BF0446-C3F9-455C-9558-418F28495875}.Release|x64.Build.0 = Release|Any CPU
		{00BF0446-C3F9-455C-9558-418F28495875}.Release|x86.ActiveCfg = Release|Any CPU
		{00BF0446-C3F9-455C-9558-418F28495875}.Release|x86.Build.0 = Release|Any CPU
		{2540D17F-DA87-471E-A8DB-FED97F1DC6D0}.Debug|Any CPU.ActiveCfg = Debug|Any CPU
		{2540D17F-DA87-471E-A8DB-FED97F1DC6D0}.Debug|Any CPU.Build.0 = Debug|Any CPU
		{2540D17F-DA87-471E-A8DB-FED97F1DC6D0}.Debug|ARM.ActiveCfg = Debug|Any CPU
		{2540D17F-DA87-471E-A8DB-FED97F1DC6D0}.Debug|ARM.Build.0 = Debug|Any CPU
		{2540D17F-DA87-471E-A8DB-FED97F1DC6D0}.Debug|x64.ActiveCfg = Debug|Any CPU
		{2540D17F-DA87-471E-A8DB-FED97F1DC6D0}.Debug|x64.Build.0 = Debug|Any CPU
		{2540D17F-DA87-471E-A8DB-FED97F1DC6D0}.Debug|x86.ActiveCfg = Debug|Any CPU
		{2540D17F-DA87-471E-A8DB-FED97F1DC6D0}.Debug|x86.Build.0 = Debug|Any CPU
		{2540D17F-DA87-471E-A8DB-FED97F1DC6D0}.Release|Any CPU.ActiveCfg = Release|Any CPU
		{2540D17F-DA87-471E-A8DB-FED97F1DC6D0}.Release|Any CPU.Build.0 = Release|Any CPU
		{2540D17F-DA87-471E-A8DB-FED97F1DC6D0}.Release|ARM.ActiveCfg = Release|Any CPU
		{2540D17F-DA87-471E-A8DB-FED97F1DC6D0}.Release|ARM.Build.0 = Release|Any CPU
		{2540D17F-DA87-471E-A8DB-FED97F1DC6D0}.Release|x64.ActiveCfg = Release|Any CPU
		{2540D17F-DA87-471E-A8DB-FED97F1DC6D0}.Release|x64.Build.0 = Release|Any CPU
		{2540D17F-DA87-471E-A8DB-FED97F1DC6D0}.Release|x86.ActiveCfg = Release|Any CPU
		{2540D17F-DA87-471E-A8DB-FED97F1DC6D0}.Release|x86.Build.0 = Release|Any CPU
		{86AF12BE-76FF-4685-9978-D7453ABA89BF}.Debug|Any CPU.ActiveCfg = Debug|Any CPU
		{86AF12BE-76FF-4685-9978-D7453ABA89BF}.Debug|Any CPU.Build.0 = Debug|Any CPU
		{86AF12BE-76FF-4685-9978-D7453ABA89BF}.Debug|ARM.ActiveCfg = Debug|Any CPU
		{86AF12BE-76FF-4685-9978-D7453ABA89BF}.Debug|ARM.Build.0 = Debug|Any CPU
		{86AF12BE-76FF-4685-9978-D7453ABA89BF}.Debug|x64.ActiveCfg = Debug|Any CPU
		{86AF12BE-76FF-4685-9978-D7453ABA89BF}.Debug|x64.Build.0 = Debug|Any CPU
		{86AF12BE-76FF-4685-9978-D7453ABA89BF}.Debug|x86.ActiveCfg = Debug|Any CPU
		{86AF12BE-76FF-4685-9978-D7453ABA89BF}.Debug|x86.Build.0 = Debug|Any CPU
		{86AF12BE-76FF-4685-9978-D7453ABA89BF}.Release|Any CPU.ActiveCfg = Release|Any CPU
		{86AF12BE-76FF-4685-9978-D7453ABA89BF}.Release|Any CPU.Build.0 = Release|Any CPU
		{86AF12BE-76FF-4685-9978-D7453ABA89BF}.Release|ARM.ActiveCfg = Release|Any CPU
		{86AF12BE-76FF-4685-9978-D7453ABA89BF}.Release|ARM.Build.0 = Release|Any CPU
		{86AF12BE-76FF-4685-9978-D7453ABA89BF}.Release|x64.ActiveCfg = Release|Any CPU
		{86AF12BE-76FF-4685-9978-D7453ABA89BF}.Release|x64.Build.0 = Release|Any CPU
		{86AF12BE-76FF-4685-9978-D7453ABA89BF}.Release|x86.ActiveCfg = Release|Any CPU
		{86AF12BE-76FF-4685-9978-D7453ABA89BF}.Release|x86.Build.0 = Release|Any CPU
		{A57AB43D-BA61-405B-9841-FAA96A2B2466}.Debug|Any CPU.ActiveCfg = Debug|Any CPU
		{A57AB43D-BA61-405B-9841-FAA96A2B2466}.Debug|Any CPU.Build.0 = Debug|Any CPU
		{A57AB43D-BA61-405B-9841-FAA96A2B2466}.Debug|ARM.ActiveCfg = Debug|Any CPU
		{A57AB43D-BA61-405B-9841-FAA96A2B2466}.Debug|ARM.Build.0 = Debug|Any CPU
		{A57AB43D-BA61-405B-9841-FAA96A2B2466}.Debug|x64.ActiveCfg = Debug|Any CPU
		{A57AB43D-BA61-405B-9841-FAA96A2B2466}.Debug|x64.Build.0 = Debug|Any CPU
		{A57AB43D-BA61-405B-9841-FAA96A2B2466}.Debug|x86.ActiveCfg = Debug|Any CPU
		{A57AB43D-BA61-405B-9841-FAA96A2B2466}.Debug|x86.Build.0 = Debug|Any CPU
		{A57AB43D-BA61-405B-9841-FAA96A2B2466}.Release|Any CPU.ActiveCfg = Release|Any CPU
		{A57AB43D-BA61-405B-9841-FAA96A2B2466}.Release|Any CPU.Build.0 = Release|Any CPU
		{A57AB43D-BA61-405B-9841-FAA96A2B2466}.Release|ARM.ActiveCfg = Release|Any CPU
		{A57AB43D-BA61-405B-9841-FAA96A2B2466}.Release|ARM.Build.0 = Release|Any CPU
		{A57AB43D-BA61-405B-9841-FAA96A2B2466}.Release|x64.ActiveCfg = Release|Any CPU
		{A57AB43D-BA61-405B-9841-FAA96A2B2466}.Release|x64.Build.0 = Release|Any CPU
		{A57AB43D-BA61-405B-9841-FAA96A2B2466}.Release|x86.ActiveCfg = Release|Any CPU
		{A57AB43D-BA61-405B-9841-FAA96A2B2466}.Release|x86.Build.0 = Release|Any CPU
		{1B0D9BA6-9CAC-401D-96BB-065CF4456F62}.Debug|Any CPU.ActiveCfg = Debug|Any CPU
		{1B0D9BA6-9CAC-401D-96BB-065CF4456F62}.Debug|Any CPU.Build.0 = Debug|Any CPU
		{1B0D9BA6-9CAC-401D-96BB-065CF4456F62}.Debug|ARM.ActiveCfg = Debug|Any CPU
		{1B0D9BA6-9CAC-401D-96BB-065CF4456F62}.Debug|ARM.Build.0 = Debug|Any CPU
		{1B0D9BA6-9CAC-401D-96BB-065CF4456F62}.Debug|x64.ActiveCfg = Debug|Any CPU
		{1B0D9BA6-9CAC-401D-96BB-065CF4456F62}.Debug|x64.Build.0 = Debug|Any CPU
		{1B0D9BA6-9CAC-401D-96BB-065CF4456F62}.Debug|x86.ActiveCfg = Debug|Any CPU
		{1B0D9BA6-9CAC-401D-96BB-065CF4456F62}.Debug|x86.Build.0 = Debug|Any CPU
		{1B0D9BA6-9CAC-401D-96BB-065CF4456F62}.Release|Any CPU.ActiveCfg = Release|Any CPU
		{1B0D9BA6-9CAC-401D-96BB-065CF4456F62}.Release|Any CPU.Build.0 = Release|Any CPU
		{1B0D9BA6-9CAC-401D-96BB-065CF4456F62}.Release|ARM.ActiveCfg = Release|Any CPU
		{1B0D9BA6-9CAC-401D-96BB-065CF4456F62}.Release|ARM.Build.0 = Release|Any CPU
		{1B0D9BA6-9CAC-401D-96BB-065CF4456F62}.Release|x64.ActiveCfg = Release|Any CPU
		{1B0D9BA6-9CAC-401D-96BB-065CF4456F62}.Release|x64.Build.0 = Release|Any CPU
		{1B0D9BA6-9CAC-401D-96BB-065CF4456F62}.Release|x86.ActiveCfg = Release|Any CPU
		{1B0D9BA6-9CAC-401D-96BB-065CF4456F62}.Release|x86.Build.0 = Release|Any CPU
		{01DDBF8C-E948-4CA1-99B2-03E2D5AD4AE5}.Debug|Any CPU.ActiveCfg = Debug|Any CPU
		{01DDBF8C-E948-4CA1-99B2-03E2D5AD4AE5}.Debug|Any CPU.Build.0 = Debug|Any CPU
		{01DDBF8C-E948-4CA1-99B2-03E2D5AD4AE5}.Debug|ARM.ActiveCfg = Debug|Any CPU
		{01DDBF8C-E948-4CA1-99B2-03E2D5AD4AE5}.Debug|ARM.Build.0 = Debug|Any CPU
		{01DDBF8C-E948-4CA1-99B2-03E2D5AD4AE5}.Debug|x64.ActiveCfg = Debug|Any CPU
		{01DDBF8C-E948-4CA1-99B2-03E2D5AD4AE5}.Debug|x64.Build.0 = Debug|Any CPU
		{01DDBF8C-E948-4CA1-99B2-03E2D5AD4AE5}.Debug|x86.ActiveCfg = Debug|Any CPU
		{01DDBF8C-E948-4CA1-99B2-03E2D5AD4AE5}.Debug|x86.Build.0 = Debug|Any CPU
		{01DDBF8C-E948-4CA1-99B2-03E2D5AD4AE5}.Release|Any CPU.ActiveCfg = Release|Any CPU
		{01DDBF8C-E948-4CA1-99B2-03E2D5AD4AE5}.Release|Any CPU.Build.0 = Release|Any CPU
		{01DDBF8C-E948-4CA1-99B2-03E2D5AD4AE5}.Release|ARM.ActiveCfg = Release|Any CPU
		{01DDBF8C-E948-4CA1-99B2-03E2D5AD4AE5}.Release|ARM.Build.0 = Release|Any CPU
		{01DDBF8C-E948-4CA1-99B2-03E2D5AD4AE5}.Release|x64.ActiveCfg = Release|Any CPU
		{01DDBF8C-E948-4CA1-99B2-03E2D5AD4AE5}.Release|x64.Build.0 = Release|Any CPU
		{01DDBF8C-E948-4CA1-99B2-03E2D5AD4AE5}.Release|x86.ActiveCfg = Release|Any CPU
		{01DDBF8C-E948-4CA1-99B2-03E2D5AD4AE5}.Release|x86.Build.0 = Release|Any CPU
		{9FD97660-413D-4711-8551-17C5420E7A52}.Debug|Any CPU.ActiveCfg = Debug|Any CPU
		{9FD97660-413D-4711-8551-17C5420E7A52}.Debug|Any CPU.Build.0 = Debug|Any CPU
		{9FD97660-413D-4711-8551-17C5420E7A52}.Debug|ARM.ActiveCfg = Debug|Any CPU
		{9FD97660-413D-4711-8551-17C5420E7A52}.Debug|ARM.Build.0 = Debug|Any CPU
		{9FD97660-413D-4711-8551-17C5420E7A52}.Debug|x64.ActiveCfg = Debug|Any CPU
		{9FD97660-413D-4711-8551-17C5420E7A52}.Debug|x64.Build.0 = Debug|Any CPU
		{9FD97660-413D-4711-8551-17C5420E7A52}.Debug|x86.ActiveCfg = Debug|Any CPU
		{9FD97660-413D-4711-8551-17C5420E7A52}.Debug|x86.Build.0 = Debug|Any CPU
		{9FD97660-413D-4711-8551-17C5420E7A52}.Release|Any CPU.ActiveCfg = Release|Any CPU
		{9FD97660-413D-4711-8551-17C5420E7A52}.Release|Any CPU.Build.0 = Release|Any CPU
		{9FD97660-413D-4711-8551-17C5420E7A52}.Release|ARM.ActiveCfg = Release|Any CPU
		{9FD97660-413D-4711-8551-17C5420E7A52}.Release|ARM.Build.0 = Release|Any CPU
		{9FD97660-413D-4711-8551-17C5420E7A52}.Release|x64.ActiveCfg = Release|Any CPU
		{9FD97660-413D-4711-8551-17C5420E7A52}.Release|x64.Build.0 = Release|Any CPU
		{9FD97660-413D-4711-8551-17C5420E7A52}.Release|x86.ActiveCfg = Release|Any CPU
		{9FD97660-413D-4711-8551-17C5420E7A52}.Release|x86.Build.0 = Release|Any CPU
		{DBD61AC5-1BB3-46B7-BADF-20B6E01E0255}.Debug|Any CPU.ActiveCfg = Debug|Any CPU
		{DBD61AC5-1BB3-46B7-BADF-20B6E01E0255}.Debug|Any CPU.Build.0 = Debug|Any CPU
		{DBD61AC5-1BB3-46B7-BADF-20B6E01E0255}.Debug|ARM.ActiveCfg = Debug|Any CPU
		{DBD61AC5-1BB3-46B7-BADF-20B6E01E0255}.Debug|ARM.Build.0 = Debug|Any CPU
		{DBD61AC5-1BB3-46B7-BADF-20B6E01E0255}.Debug|x64.ActiveCfg = Debug|Any CPU
		{DBD61AC5-1BB3-46B7-BADF-20B6E01E0255}.Debug|x64.Build.0 = Debug|Any CPU
		{DBD61AC5-1BB3-46B7-BADF-20B6E01E0255}.Debug|x86.ActiveCfg = Debug|Any CPU
		{DBD61AC5-1BB3-46B7-BADF-20B6E01E0255}.Debug|x86.Build.0 = Debug|Any CPU
		{DBD61AC5-1BB3-46B7-BADF-20B6E01E0255}.Release|Any CPU.ActiveCfg = Release|Any CPU
		{DBD61AC5-1BB3-46B7-BADF-20B6E01E0255}.Release|Any CPU.Build.0 = Release|Any CPU
		{DBD61AC5-1BB3-46B7-BADF-20B6E01E0255}.Release|ARM.ActiveCfg = Release|Any CPU
		{DBD61AC5-1BB3-46B7-BADF-20B6E01E0255}.Release|ARM.Build.0 = Release|Any CPU
		{DBD61AC5-1BB3-46B7-BADF-20B6E01E0255}.Release|x64.ActiveCfg = Release|Any CPU
		{DBD61AC5-1BB3-46B7-BADF-20B6E01E0255}.Release|x64.Build.0 = Release|Any CPU
		{DBD61AC5-1BB3-46B7-BADF-20B6E01E0255}.Release|x86.ActiveCfg = Release|Any CPU
		{DBD61AC5-1BB3-46B7-BADF-20B6E01E0255}.Release|x86.Build.0 = Release|Any CPU
		{3917AF31-434A-479F-B06F-DADB3CCF48F8}.Debug|Any CPU.ActiveCfg = Debug|Any CPU
		{3917AF31-434A-479F-B06F-DADB3CCF48F8}.Debug|Any CPU.Build.0 = Debug|Any CPU
		{3917AF31-434A-479F-B06F-DADB3CCF48F8}.Debug|ARM.ActiveCfg = Debug|Any CPU
		{3917AF31-434A-479F-B06F-DADB3CCF48F8}.Debug|ARM.Build.0 = Debug|Any CPU
		{3917AF31-434A-479F-B06F-DADB3CCF48F8}.Debug|x64.ActiveCfg = Debug|Any CPU
		{3917AF31-434A-479F-B06F-DADB3CCF48F8}.Debug|x64.Build.0 = Debug|Any CPU
		{3917AF31-434A-479F-B06F-DADB3CCF48F8}.Debug|x86.ActiveCfg = Debug|Any CPU
		{3917AF31-434A-479F-B06F-DADB3CCF48F8}.Debug|x86.Build.0 = Debug|Any CPU
		{3917AF31-434A-479F-B06F-DADB3CCF48F8}.Release|Any CPU.ActiveCfg = Release|Any CPU
		{3917AF31-434A-479F-B06F-DADB3CCF48F8}.Release|Any CPU.Build.0 = Release|Any CPU
		{3917AF31-434A-479F-B06F-DADB3CCF48F8}.Release|ARM.ActiveCfg = Release|Any CPU
		{3917AF31-434A-479F-B06F-DADB3CCF48F8}.Release|ARM.Build.0 = Release|Any CPU
		{3917AF31-434A-479F-B06F-DADB3CCF48F8}.Release|x64.ActiveCfg = Release|Any CPU
		{3917AF31-434A-479F-B06F-DADB3CCF48F8}.Release|x64.Build.0 = Release|Any CPU
		{3917AF31-434A-479F-B06F-DADB3CCF48F8}.Release|x86.ActiveCfg = Release|Any CPU
		{3917AF31-434A-479F-B06F-DADB3CCF48F8}.Release|x86.Build.0 = Release|Any CPU
		{D813FD67-ABBF-4641-ACD6-D5F82837B9DC}.Debug|Any CPU.ActiveCfg = Debug|Any CPU
		{D813FD67-ABBF-4641-ACD6-D5F82837B9DC}.Debug|Any CPU.Build.0 = Debug|Any CPU
		{D813FD67-ABBF-4641-ACD6-D5F82837B9DC}.Debug|ARM.ActiveCfg = Debug|Any CPU
		{D813FD67-ABBF-4641-ACD6-D5F82837B9DC}.Debug|ARM.Build.0 = Debug|Any CPU
		{D813FD67-ABBF-4641-ACD6-D5F82837B9DC}.Debug|x64.ActiveCfg = Debug|Any CPU
		{D813FD67-ABBF-4641-ACD6-D5F82837B9DC}.Debug|x64.Build.0 = Debug|Any CPU
		{D813FD67-ABBF-4641-ACD6-D5F82837B9DC}.Debug|x86.ActiveCfg = Debug|Any CPU
		{D813FD67-ABBF-4641-ACD6-D5F82837B9DC}.Debug|x86.Build.0 = Debug|Any CPU
		{D813FD67-ABBF-4641-ACD6-D5F82837B9DC}.Release|Any CPU.ActiveCfg = Release|Any CPU
		{D813FD67-ABBF-4641-ACD6-D5F82837B9DC}.Release|Any CPU.Build.0 = Release|Any CPU
		{D813FD67-ABBF-4641-ACD6-D5F82837B9DC}.Release|ARM.ActiveCfg = Release|Any CPU
		{D813FD67-ABBF-4641-ACD6-D5F82837B9DC}.Release|ARM.Build.0 = Release|Any CPU
		{D813FD67-ABBF-4641-ACD6-D5F82837B9DC}.Release|x64.ActiveCfg = Release|Any CPU
		{D813FD67-ABBF-4641-ACD6-D5F82837B9DC}.Release|x64.Build.0 = Release|Any CPU
		{D813FD67-ABBF-4641-ACD6-D5F82837B9DC}.Release|x86.ActiveCfg = Release|Any CPU
		{D813FD67-ABBF-4641-ACD6-D5F82837B9DC}.Release|x86.Build.0 = Release|Any CPU
	EndGlobalSection
	GlobalSection(NestedProjects) = preSolution
		{00BF0446-C3F9-455C-9558-418F28495875} = {A1B2C3D4-E5F6-7890-ABCD-EF1234567890}
		{2540D17F-DA87-471E-A8DB-FED97F1DC6D0} = {A1B2C3D4-E5F6-7890-ABCD-EF1234567890}
		{86AF12BE-76FF-4685-9978-D7453ABA89BF} = {A1B2C3D4-E5F6-7890-ABCD-EF1234567890}
		{A57AB43D-BA61-405B-9841-FAA96A2B2466} = {A1B2C3D4-E5F6-7890-ABCD-EF1234567890}
		{1B0D9BA6-9CAC-401D-96BB-065CF4456F62} = {A1B2C3D4-E5F6-7890-ABCD-EF1234567890}
		{01DDBF8C-E948-4CA1-99B2-03E2D5AD4AE5} = {A1B2C3D4-E5F6-7890-ABCD-EF1234567890}
		{9FD97660-413D-4711-8551-17C5420E7A52} = {A1B2C3D4-E5F6-7890-ABCD-EF1234567890}
		{DBD61AC5-1BB3-46B7-BADF-20B6E01E0255} = {A1B2C3D4-E5F6-7890-ABCD-EF1234567890}
		{3917AF31-434A-479F-B06F-DADB3CCF48F8} = {A1B2C3D4-E5F6-7890-ABCD-EF1234567890}
		{D813FD67-ABBF-4641-ACD6-D5F82837B9DC} = {A1B2C3D4-E5F6-7890-ABCD-EF1234567890}
	EndGlobalSection
	GlobalSection(SolutionProperties) = preSolution
		HideSolutionNode = FALSE
	EndGlobalSection
	GlobalSection(ExtensibilityGlobals) = postSolution
		SolutionGuid = {1C015BE2-23F9-4E49-A970-57DD92892F23}
	EndGlobalSection
EndGlobal
